Microsoft Visual Studio Solution File, Format Version 11.00
# Visual Studio 2008

Project("{C631FAA6-C683-3213-E9A4-3DBCC20CE1AB}") = "LabTest", "Assembly-CSharp.csproj", "{83C2760A-85FC-AA1F-6FE6-DD585D0C7DA0}"
EndProject
Global
	GlobalSection(SolutionConfigurationPlatforms) = preSolution
		Debug|Any CPU = Debug|Any CPU
		Release|Any CPU = Release|Any CPU
	EndGlobalSection
	GlobalSection(ProjectConfigurationPlatforms) = postSolution
		{83C2760A-85FC-AA1F-6FE6-DD585D0C7DA0}.Debug|Any CPU.ActiveCfg = Debug|Any CPU
		{83C2760A-85FC-AA1F-6FE6-DD585D0C7DA0}.Debug|Any CPU.Build.0 = Debug|Any CPU
		{83C2760A-85FC-AA1F-6FE6-DD585D0C7DA0}.Release|Any CPU.ActiveCfg = Release|Any CPU
		{83C2760A-85FC-AA1F-6FE6-DD585D0C7DA0}.Release|Any CPU.Build.0 = Release|Any CPU
	EndGlobalSection
	GlobalSection(SolutionProperties) = preSolution
		HideSolutionNode = FALSE
	EndGlobalSection
	GlobalSection(MonoDevelopProperties) = preSolution
		StartupItem = Assembly-CSharp.csproj
	EndGlobalSection
EndGlobal
